
Microsoft Visual Studio Solution File, Format Version 11.00
# Visual Studio 2010
Project("{FAE04EC0-301F-11D3-BF4B-00C04F79EFBC}") = "Net.Vpc.Upa.Api", "upa-api\src\main\csharp\Net.Vpc.Upa.Api.csproj", "{DEFA43FF-E018-4C31-A9B1-37B1C6585375}"
EndProject
Global
	GlobalSection(SolutionConfigurationPlatforms) = preSolution
		Debug|Any CPU = Debug|Any CPU
		Debug|Mixed Platforms = Debug|Mixed Platforms
		Debug|x86 = Debug|x86
		Release|Any CPU = Release|Any CPU
		Release|Mixed Platforms = Release|Mixed Platforms
		Release|x86 = Release|x86
	EndGlobalSection
	GlobalSection(ProjectConfigurationPlatforms) = postSolution
		{DEFA43FF-E018-4C31-A9B1-37B1C6585375}.Debug|Any CPU.ActiveCfg = Debug|Any CPU
		{DEFA43FF-E018-4C31-A9B1-37B1C6585375}.Debug|Any CPU.Build.0 = Debug|Any CPU
	EndGlobalSection
	GlobalSection(SolutionProperties) = preSolution
		HideSolutionNode = FALSE
	EndGlobalSection
	GlobalSection(MonoDevelopProperties) = preSolution
		StartupItem = upa-impl\src\main\csharp\Net.Vpc.Upa.Impl.csproj
	EndGlobalSection
EndGlobal
